
Microsoft Visual Studio Solution File, Format Version 12.00
# Visual Studio Version 17
VisualStudioVersion = 17.5.33530.505
MinimumVisualStudioVersion = 10.0.40219.1
Project("{FAE04EC0-301F-11D3-BF4B-00C04F79EFBC}") = "oracletest", "oracletest-母排绑定过程数据报工\oracletest.csproj", "{C44162BF-CDF5-46BE-A513-A4C064A495E0}"
EndProject
Project("{FAE04EC0-301F-11D3-BF4B-00C04F79EFBC}") = "processdatarecord", "processdatarecord\processdatarecord.csproj", "{1FEAD6F5-FB25-405E-AC3B-36C2FFC0B099}"
EndProject
Project("{FAE04EC0-301F-11D3-BF4B-00C04F79EFBC}") = "MES_ORACLE_DATABASE", "MES_ORACLE_DATABASE-20240606\MES_ORACLE_DATABASE.csproj", "{F1AABAD4-EED4-4977-9154-B8C7E4EE8CE6}"
EndProject
Project("{FAE04EC0-301F-11D3-BF4B-00C04F79EFBC}") = "GetSNByMP", "GetSNByMP\GetSNByMP.csproj", "{F92C199E-AB2D-426A-8390-C756550F1B3B}"
EndProject
Global
	GlobalSection(SolutionConfigurationPlatforms) = preSolution
		Debug|Any CPU = Debug|Any CPU
		Release|Any CPU = Release|Any CPU
	EndGlobalSection
	GlobalSection(ProjectConfigurationPlatforms) = postSolution
		{C44162BF-CDF5-46BE-A513-A4C064A495E0}.Debug|Any CPU.ActiveCfg = Debug|Any CPU
		{C44162BF-CDF5-46BE-A513-A4C064A495E0}.Debug|Any CPU.Build.0 = Debug|Any CPU
		{C44162BF-CDF5-46BE-A513-A4C064A495E0}.Release|Any CPU.ActiveCfg = Release|Any CPU
		{C44162BF-CDF5-46BE-A513-A4C064A495E0}.Release|Any CPU.Build.0 = Release|Any CPU
		{1FEAD6F5-FB25-405E-AC3B-36C2FFC0B099}.Debug|Any CPU.ActiveCfg = Debug|Any CPU
		{1FEAD6F5-FB25-405E-AC3B-36C2FFC0B099}.Debug|Any CPU.Build.0 = Debug|Any CPU
		{1FEAD6F5-FB25-405E-AC3B-36C2FFC0B099}.Release|Any CPU.ActiveCfg = Release|Any CPU
		{1FEAD6F5-FB25-405E-AC3B-36C2FFC0B099}.Release|Any CPU.Build.0 = Release|Any CPU
		{F1AABAD4-EED4-4977-9154-B8C7E4EE8CE6}.Debug|Any CPU.ActiveCfg = Debug|Any CPU
		{F1AABAD4-EED4-4977-9154-B8C7E4EE8CE6}.Debug|Any CPU.Build.0 = Debug|Any CPU
		{F1AABAD4-EED4-4977-9154-B8C7E4EE8CE6}.Release|Any CPU.ActiveCfg = Release|Any CPU
		{F1AABAD4-EED4-4977-9154-B8C7E4EE8CE6}.Release|Any CPU.Build.0 = Release|Any CPU
		{F92C199E-AB2D-426A-8390-C756550F1B3B}.Debug|Any CPU.ActiveCfg = Debug|Any CPU
		{F92C199E-AB2D-426A-8390-C756550F1B3B}.Debug|Any CPU.Build.0 = Debug|Any CPU
		{F92C199E-AB2D-426A-8390-C756550F1B3B}.Release|Any CPU.ActiveCfg = Release|Any CPU
		{F92C199E-AB2D-426A-8390-C756550F1B3B}.Release|Any CPU.Build.0 = Release|Any CPU
	EndGlobalSection
	GlobalSection(SolutionProperties) = preSolution
		HideSolutionNode = FALSE
	EndGlobalSection
	GlobalSection(ExtensibilityGlobals) = postSolution
		SolutionGuid = {AA996357-0521-4C1B-9A70-39400363CDD9}
	EndGlobalSection
EndGlobal
